
Microsoft Visual Studio Solution File, Format Version 12.00
# Visual Studio Version 17
VisualStudioVersion = 17.0.31903.59
MinimumVisualStudioVersion = 10.0.40219.1
Project("{FAE04EC0-301F-11D3-BF4B-00C04F79EFBC}") = "TetrisFill", "TetrisFill\TetrisFill.csproj", "{4F0FD8C7-5692-4F2B-9161-80BC782343FF}"
EndProject
Global
	GlobalSection(SolutionConfigurationPlatforms) = preSolution
		Debug|Any CPU = Debug|Any CPU
		Release|Any CPU = Release|Any CPU
	EndGlobalSection
	GlobalSection(SolutionProperties) = preSolution
		HideSolutionNode = FALSE
	EndGlobalSection
	GlobalSection(ProjectConfigurationPlatforms) = postSolution
		{4F0FD8C7-5692-4F2B-9161-80BC782343FF}.Debug|Any CPU.ActiveCfg = Debug|Any CPU
		{4F0FD8C7-5692-4F2B-9161-80BC782343FF}.Debug|Any CPU.Build.0 = Debug|Any CPU
		{4F0FD8C7-5692-4F2B-9161-80BC782343FF}.Release|Any CPU.ActiveCfg = Release|Any CPU
		{4F0FD8C7-5692-4F2B-9161-80BC782343FF}.Release|Any CPU.Build.0 = Release|Any CPU
	EndGlobalSection
EndGlobal
